// !$*UTF8*$!
{
	archiveVersion = 1;
	classes = {
	};
	objectVersion = 56;
	objects = {

/* Begin PBXBuildFile section */
		554A6F4A2A18B79E0041BA63 /* AppDelegate.swift in Sources */ = {isa = PBXBuildFile; fileRef = 554A6F492A18B79E0041BA63 /* AppDelegate.swift */; };
		554A6F4C2A18B79E0041BA63 /* SceneDelegate.swift in Sources */ = {isa = PBXBuildFile; fileRef = 554A6F4B2A18B79E0041BA63 /* SceneDelegate.swift */; };
		554A6F4E2A18B79E0041BA63 /* ViewController.swift in Sources */ = {isa = PBXBuildFile; fileRef = 554A6F4D2A18B79E0041BA63 /* ViewController.swift */; };
		554A6F512A18B79E0041BA63 /* Main.storyboard in Resources */ = {isa = PBXBuildFile; fileRef = 554A6F4F2A18B79E0041BA63 /* Main.storyboard */; };
		554A6F532A18B79F0041BA63 /* Assets.xcassets in Resources */ = {isa = PBXBuildFile; fileRef = 554A6F522A18B79F0041BA63 /* Assets.xcassets */; };
		554A6F562A18B79F0041BA63 /* LaunchScreen.storyboard in Resources */ = {isa = PBXBuildFile; fileRef = 554A6F542A18B79F0041BA63 /* LaunchScreen.storyboard */; };
		554A6F7A2A18B85A0041BA63 /* SignupFormModelValidatorTests.swift in Sources */ = {isa = PBXBuildFile; fileRef = 554A6F792A18B85A0041BA63 /* SignupFormModelValidatorTests.swift */; };
		554A6F7C2A18B9C40041BA63 /* SignupFormModelValidator.swift in Sources */ = {isa = PBXBuildFile; fileRef = 554A6F7B2A18B9C40041BA63 /* SignupFormModelValidator.swift */; };
		554A6F7F2A18C2F20041BA63 /* PhotoAppUITests.swift in Sources */ = {isa = PBXBuildFile; fileRef = 554A6F7D2A18C2F20041BA63 /* PhotoAppUITests.swift */; };
		554A6F802A18C2F20041BA63 /* PhotoAppUITestsLaunchTests.swift in Sources */ = {isa = PBXBuildFile; fileRef = 554A6F7E2A18C2F20041BA63 /* PhotoAppUITestsLaunchTests.swift */; };
		554A6F822A18D57D0041BA63 /* SignupConstants.swift in Sources */ = {isa = PBXBuildFile; fileRef = 554A6F812A18D57D0041BA63 /* SignupConstants.swift */; };
		554A6F842A18FD0C0041BA63 /* SignupWebserviceTests.swift in Sources */ = {isa = PBXBuildFile; fileRef = 554A6F832A18FD0C0041BA63 /* SignupWebserviceTests.swift */; };
		554A6F862A18FDE70041BA63 /* SignupWebservice.swift in Sources */ = {isa = PBXBuildFile; fileRef = 554A6F852A18FDE70041BA63 /* SignupWebservice.swift */; };
		554A6F882A18FEAE0041BA63 /* SignupFormRequestModel.swift in Sources */ = {isa = PBXBuildFile; fileRef = 554A6F872A18FEAE0041BA63 /* SignupFormRequestModel.swift */; };
		554A6F8A2A1900380041BA63 /* SignupResponse.swift in Sources */ = {isa = PBXBuildFile; fileRef = 554A6F892A1900380041BA63 /* SignupResponse.swift */; };
		554A6F8C2A1900550041BA63 /* SignupError.swift in Sources */ = {isa = PBXBuildFile; fileRef = 554A6F8B2A1900550041BA63 /* SignupError.swift */; };
		554A6F962A191C630041BA63 /* MockURLProtocol.swift in Sources */ = {isa = PBXBuildFile; fileRef = 554A6F952A191C630041BA63 /* MockURLProtocol.swift */; };
		557771332A1A37D1005F22E3 /* SignupPresenterTests.swift in Sources */ = {isa = PBXBuildFile; fileRef = 557771322A1A37D1005F22E3 /* SignupPresenterTests.swift */; };
		557771352A1A3B2D005F22E3 /* SignupFormModel.swift in Sources */ = {isa = PBXBuildFile; fileRef = 557771342A1A3B2D005F22E3 /* SignupFormModel.swift */; };
		557771382A1A3C12005F22E3 /* SignupPresenter.swift in Sources */ = {isa = PBXBuildFile; fileRef = 557771372A1A3C12005F22E3 /* SignupPresenter.swift */; };
		5577713A2A1B7EE3005F22E3 /* MockSignupFormModelValidator.swift in Sources */ = {isa = PBXBuildFile; fileRef = 557771392A1B7EE3005F22E3 /* MockSignupFormModelValidator.swift */; };
		5577713C2A1B7F9F005F22E3 /* SignupFormModelValidatorProtocol.swift in Sources */ = {isa = PBXBuildFile; fileRef = 5577713B2A1B7F9F005F22E3 /* SignupFormModelValidatorProtocol.swift */; };
/* End PBXBuildFile section */

/* Begin PBXContainerItemProxy section */
		554A6F5D2A18B79F0041BA63 /* PBXContainerItemProxy */ = {
			isa = PBXContainerItemProxy;
			containerPortal = 554A6F3E2A18B79E0041BA63 /* Project object */;
			proxyType = 1;
			remoteGlobalIDString = 554A6F452A18B79E0041BA63;
			remoteInfo = PhotoApp;
		};
		554A6F672A18B79F0041BA63 /* PBXContainerItemProxy */ = {
			isa = PBXContainerItemProxy;
			containerPortal = 554A6F3E2A18B79E0041BA63 /* Project object */;
			proxyType = 1;
			remoteGlobalIDString = 554A6F452A18B79E0041BA63;
			remoteInfo = PhotoApp;
		};
/* End PBXContainerItemProxy section */

/* Begin PBXFileReference section */
		554A6F462A18B79E0041BA63 /* PhotoApp.app */ = {isa = PBXFileReference; explicitFileType = wrapper.application; includeInIndex = 0; path = PhotoApp.app; sourceTree = BUILT_PRODUCTS_DIR; };
		554A6F492A18B79E0041BA63 /* AppDelegate.swift */ = {isa = PBXFileReference; lastKnownFileType = sourcecode.swift; path = AppDelegate.swift; sourceTree = "<group>"; };
		554A6F4B2A18B79E0041BA63 /* SceneDelegate.swift */ = {isa = PBXFileReference; lastKnownFileType = sourcecode.swift; path = SceneDelegate.swift; sourceTree = "<group>"; };
		554A6F4D2A18B79E0041BA63 /* ViewController.swift */ = {isa = PBXFileReference; lastKnownFileType = sourcecode.swift; path = ViewController.swift; sourceTree = "<group>"; };
		554A6F502A18B79E0041BA63 /* Base */ = {isa = PBXFileReference; lastKnownFileType = file.storyboard; name = Base; path = Base.lproj/Main.storyboard; sourceTree = "<group>"; };
		554A6F522A18B79F0041BA63 /* Assets.xcassets */ = {isa = PBXFileReference; lastKnownFileType = folder.assetcatalog; path = Assets.xcassets; sourceTree = "<group>"; };
		554A6F552A18B79F0041BA63 /* Base */ = {isa = PBXFileReference; lastKnownFileType = file.storyboard; name = Base; path = Base.lproj/LaunchScreen.storyboard; sourceTree = "<group>"; };
		554A6F572A18B79F0041BA63 /* Info.plist */ = {isa = PBXFileReference; lastKnownFileType = text.plist.xml; path = Info.plist; sourceTree = "<group>"; };
		554A6F5C2A18B79F0041BA63 /* PhotoAppTests.xctest */ = {isa = PBXFileReference; explicitFileType = wrapper.cfbundle; includeInIndex = 0; path = PhotoAppTests.xctest; sourceTree = BUILT_PRODUCTS_DIR; };
		554A6F662A18B79F0041BA63 /* PhotoAppUITests.xctest */ = {isa = PBXFileReference; explicitFileType = wrapper.cfbundle; includeInIndex = 0; path = PhotoAppUITests.xctest; sourceTree = BUILT_PRODUCTS_DIR; };
		554A6F792A18B85A0041BA63 /* SignupFormModelValidatorTests.swift */ = {isa = PBXFileReference; lastKnownFileType = sourcecode.swift; path = SignupFormModelValidatorTests.swift; sourceTree = "<group>"; };
		554A6F7B2A18B9C40041BA63 /* SignupFormModelValidator.swift */ = {isa = PBXFileReference; lastKnownFileType = sourcecode.swift; path = SignupFormModelValidator.swift; sourceTree = "<group>"; };
		554A6F7D2A18C2F20041BA63 /* PhotoAppUITests.swift */ = {isa = PBXFileReference; fileEncoding = 4; lastKnownFileType = sourcecode.swift; path = PhotoAppUITests.swift; sourceTree = "<group>"; };
		554A6F7E2A18C2F20041BA63 /* PhotoAppUITestsLaunchTests.swift */ = {isa = PBXFileReference; fileEncoding = 4; lastKnownFileType = sourcecode.swift; path = PhotoAppUITestsLaunchTests.swift; sourceTree = "<group>"; };
		554A6F812A18D57D0041BA63 /* SignupConstants.swift */ = {isa = PBXFileReference; lastKnownFileType = sourcecode.swift; path = SignupConstants.swift; sourceTree = "<group>"; };
		554A6F832A18FD0C0041BA63 /* SignupWebserviceTests.swift */ = {isa = PBXFileReference; lastKnownFileType = sourcecode.swift; path = SignupWebserviceTests.swift; sourceTree = "<group>"; };
		554A6F852A18FDE70041BA63 /* SignupWebservice.swift */ = {isa = PBXFileReference; lastKnownFileType = sourcecode.swift; path = SignupWebservice.swift; sourceTree = "<group>"; };
		554A6F872A18FEAE0041BA63 /* SignupFormRequestModel.swift */ = {isa = PBXFileReference; lastKnownFileType = sourcecode.swift; path = SignupFormRequestModel.swift; sourceTree = "<group>"; };
		554A6F892A1900380041BA63 /* SignupResponse.swift */ = {isa = PBXFileReference; lastKnownFileType = sourcecode.swift; path = SignupResponse.swift; sourceTree = "<group>"; };
		554A6F8B2A1900550041BA63 /* SignupError.swift */ = {isa = PBXFileReference; lastKnownFileType = sourcecode.swift; path = SignupError.swift; sourceTree = "<group>"; };
		554A6F952A191C630041BA63 /* MockURLProtocol.swift */ = {isa = PBXFileReference; lastKnownFileType = sourcecode.swift; path = MockURLProtocol.swift; sourceTree = "<group>"; };
		557771322A1A37D1005F22E3 /* SignupPresenterTests.swift */ = {isa = PBXFileReference; lastKnownFileType = sourcecode.swift; path = SignupPresenterTests.swift; sourceTree = "<group>"; };
		557771342A1A3B2D005F22E3 /* SignupFormModel.swift */ = {isa = PBXFileReference; lastKnownFileType = sourcecode.swift; path = SignupFormModel.swift; sourceTree = "<group>"; };
		557771372A1A3C12005F22E3 /* SignupPresenter.swift */ = {isa = PBXFileReference; lastKnownFileType = sourcecode.swift; path = SignupPresenter.swift; sourceTree = "<group>"; };
		557771392A1B7EE3005F22E3 /* MockSignupFormModelValidator.swift */ = {isa = PBXFileReference; lastKnownFileType = sourcecode.swift; path = MockSignupFormModelValidator.swift; sourceTree = "<group>"; };
		5577713B2A1B7F9F005F22E3 /* SignupFormModelValidatorProtocol.swift */ = {isa = PBXFileReference; lastKnownFileType = sourcecode.swift; path = SignupFormModelValidatorProtocol.swift; sourceTree = "<group>"; };
/* End PBXFileReference section */

/* Begin PBXFrameworksBuildPhase section */
		554A6F432A18B79E0041BA63 /* Frameworks */ = {
			isa = PBXFrameworksBuildPhase;
			buildActionMask = 2147483647;
			files = (
			);
			runOnlyForDeploymentPostprocessing = 0;
		};
		554A6F592A18B79F0041BA63 /* Frameworks */ = {
			isa = PBXFrameworksBuildPhase;
			buildActionMask = 2147483647;
			files = (
			);
			runOnlyForDeploymentPostprocessing = 0;
		};
		554A6F632A18B79F0041BA63 /* Frameworks */ = {
			isa = PBXFrameworksBuildPhase;
			buildActionMask = 2147483647;
			files = (
			);
			runOnlyForDeploymentPostprocessing = 0;
		};
/* End PBXFrameworksBuildPhase section */

/* Begin PBXGroup section */
		554A6F3D2A18B79E0041BA63 = {
			isa = PBXGroup;
			children = (
				554A6F482A18B79E0041BA63 /* PhotoApp */,
				554A6F5F2A18B79F0041BA63 /* PhotoAppTests */,
				554A6F692A18B79F0041BA63 /* PhotoAppUITests */,
				554A6F472A18B79E0041BA63 /* Products */,
			);
			sourceTree = "<group>";
		};
		554A6F472A18B79E0041BA63 /* Products */ = {
			isa = PBXGroup;
			children = (
				554A6F462A18B79E0041BA63 /* PhotoApp.app */,
				554A6F5C2A18B79F0041BA63 /* PhotoAppTests.xctest */,
				554A6F662A18B79F0041BA63 /* PhotoAppUITests.xctest */,
			);
			name = Products;
			sourceTree = "<group>";
		};
		554A6F482A18B79E0041BA63 /* PhotoApp */ = {
			isa = PBXGroup;
			children = (
				554A6F8D2A1901430041BA63 /* Signup */,
				554A6F492A18B79E0041BA63 /* AppDelegate.swift */,
				554A6F4B2A18B79E0041BA63 /* SceneDelegate.swift */,
				554A6F4F2A18B79E0041BA63 /* Main.storyboard */,
				554A6F522A18B79F0041BA63 /* Assets.xcassets */,
				554A6F542A18B79F0041BA63 /* LaunchScreen.storyboard */,
				554A6F572A18B79F0041BA63 /* Info.plist */,
			);
			path = PhotoApp;
			sourceTree = "<group>";
		};
		554A6F5F2A18B79F0041BA63 /* PhotoAppTests */ = {
			isa = PBXGroup;
			children = (
				554A6F912A1902130041BA63 /* Signup */,
				554A6F952A191C630041BA63 /* MockURLProtocol.swift */,
			);
			path = PhotoAppTests;
			sourceTree = "<group>";
		};
		554A6F692A18B79F0041BA63 /* PhotoAppUITests */ = {
			isa = PBXGroup;
			children = (
				554A6F7D2A18C2F20041BA63 /* PhotoAppUITests.swift */,
				554A6F7E2A18C2F20041BA63 /* PhotoAppUITestsLaunchTests.swift */,
			);
			path = PhotoAppUITests;
			sourceTree = "<group>";
		};
		554A6F8D2A1901430041BA63 /* Signup */ = {
			isa = PBXGroup;
			children = (
				557771362A1A3C08005F22E3 /* Presenter */,
				554A6F902A1901D50041BA63 /* Network */,
				554A6F8F2A1901CB0041BA63 /* Controllers */,
				554A6F8E2A19014B0041BA63 /* Models */,
			);
			path = Signup;
			sourceTree = "<group>";
		};
		554A6F8E2A19014B0041BA63 /* Models */ = {
			isa = PBXGroup;
			children = (
				5577713B2A1B7F9F005F22E3 /* SignupFormModelValidatorProtocol.swift */,
				554A6F7B2A18B9C40041BA63 /* SignupFormModelValidator.swift */,
				554A6F812A18D57D0041BA63 /* SignupConstants.swift */,
				554A6F872A18FEAE0041BA63 /* SignupFormRequestModel.swift */,
				554A6F892A1900380041BA63 /* SignupResponse.swift */,
				554A6F8B2A1900550041BA63 /* SignupError.swift */,
				557771342A1A3B2D005F22E3 /* SignupFormModel.swift */,
			);
			path = Models;
			sourceTree = "<group>";
		};
		554A6F8F2A1901CB0041BA63 /* Controllers */ = {
			isa = PBXGroup;
			children = (
				554A6F4D2A18B79E0041BA63 /* ViewController.swift */,
			);
			path = Controllers;
			sourceTree = "<group>";
		};
		554A6F902A1901D50041BA63 /* Network */ = {
			isa = PBXGroup;
			children = (
				554A6F852A18FDE70041BA63 /* SignupWebservice.swift */,
			);
			path = Network;
			sourceTree = "<group>";
		};
		554A6F912A1902130041BA63 /* Signup */ = {
			isa = PBXGroup;
			children = (
				557771312A1A37B6005F22E3 /* Presenter */,
				554A6F932A1902200041BA63 /* Network */,
				554A6F922A19021B0041BA63 /* Models */,
				557771392A1B7EE3005F22E3 /* MockSignupFormModelValidator.swift */,
			);
			path = Signup;
			sourceTree = "<group>";
		};
		554A6F922A19021B0041BA63 /* Models */ = {
			isa = PBXGroup;
			children = (
				554A6F792A18B85A0041BA63 /* SignupFormModelValidatorTests.swift */,
			);
			path = Models;
			sourceTree = "<group>";
		};
		554A6F932A1902200041BA63 /* Network */ = {
			isa = PBXGroup;
			children = (
				554A6F832A18FD0C0041BA63 /* SignupWebserviceTests.swift */,
			);
			path = Network;
			sourceTree = "<group>";
		};
		557771312A1A37B6005F22E3 /* Presenter */ = {
			isa = PBXGroup;
			children = (
				557771322A1A37D1005F22E3 /* SignupPresenterTests.swift */,
			);
			path = Presenter;
			sourceTree = "<group>";
		};
		557771362A1A3C08005F22E3 /* Presenter */ = {
			isa = PBXGroup;
			children = (
				557771372A1A3C12005F22E3 /* SignupPresenter.swift */,
			);
			path = Presenter;
			sourceTree = "<group>";
		};
/* End PBXGroup section */

/* Begin PBXNativeTarget section */
		554A6F452A18B79E0041BA63 /* PhotoApp */ = {
			isa = PBXNativeTarget;
			buildConfigurationList = 554A6F702A18B79F0041BA63 /* Build configuration list for PBXNativeTarget "PhotoApp" */;
			buildPhases = (
				554A6F422A18B79E0041BA63 /* Sources */,
				554A6F432A18B79E0041BA63 /* Frameworks */,
				554A6F442A18B79E0041BA63 /* Resources */,
			);
			buildRules = (
			);
			dependencies = (
			);
			name = PhotoApp;
			productName = PhotoApp;
			productReference = 554A6F462A18B79E0041BA63 /* PhotoApp.app */;
			productType = "com.apple.product-type.application";
		};
		554A6F5B2A18B79F0041BA63 /* PhotoAppTests */ = {
			isa = PBXNativeTarget;
			buildConfigurationList = 554A6F732A18B79F0041BA63 /* Build configuration list for PBXNativeTarget "PhotoAppTests" */;
			buildPhases = (
				554A6F582A18B79F0041BA63 /* Sources */,
				554A6F592A18B79F0041BA63 /* Frameworks */,
				554A6F5A2A18B79F0041BA63 /* Resources */,
			);
			buildRules = (
			);
			dependencies = (
				554A6F5E2A18B79F0041BA63 /* PBXTargetDependency */,
			);
			name = PhotoAppTests;
			productName = PhotoAppTests;
			productReference = 554A6F5C2A18B79F0041BA63 /* PhotoAppTests.xctest */;
			productType = "com.apple.product-type.bundle.unit-test";
		};
		554A6F652A18B79F0041BA63 /* PhotoAppUITests */ = {
			isa = PBXNativeTarget;
			buildConfigurationList = 554A6F762A18B79F0041BA63 /* Build configuration list for PBXNativeTarget "PhotoAppUITests" */;
			buildPhases = (
				554A6F622A18B79F0041BA63 /* Sources */,
				554A6F632A18B79F0041BA63 /* Frameworks */,
				554A6F642A18B79F0041BA63 /* Resources */,
			);
			buildRules = (
			);
			dependencies = (
				554A6F682A18B79F0041BA63 /* PBXTargetDependency */,
			);
			name = PhotoAppUITests;
			productName = PhotoAppUITests;
			productReference = 554A6F662A18B79F0041BA63 /* PhotoAppUITests.xctest */;
			productType = "com.apple.product-type.bundle.ui-testing";
		};
/* End PBXNativeTarget section */

/* Begin PBXProject section */
		554A6F3E2A18B79E0041BA63 /* Project object */ = {
			isa = PBXProject;
			attributes = {
				BuildIndependentTargetsInParallel = 1;
				LastSwiftUpdateCheck = 1420;
				LastUpgradeCheck = 1420;
				TargetAttributes = {
					554A6F452A18B79E0041BA63 = {
						CreatedOnToolsVersion = 14.2;
					};
					554A6F5B2A18B79F0041BA63 = {
						CreatedOnToolsVersion = 14.2;
						LastSwiftMigration = 1420;
						TestTargetID = 554A6F452A18B79E0041BA63;
					};
					554A6F652A18B79F0041BA63 = {
						CreatedOnToolsVersion = 14.2;
						LastSwiftMigration = 1420;
						TestTargetID = 554A6F452A18B79E0041BA63;
					};
				};
			};
			buildConfigurationList = 554A6F412A18B79E0041BA63 /* Build configuration list for PBXProject "PhotoApp" */;
			compatibilityVersion = "Xcode 14.0";
			developmentRegion = en;
			hasScannedForEncodings = 0;
			knownRegions = (
				en,
				Base,
			);
			mainGroup = 554A6F3D2A18B79E0041BA63;
			productRefGroup = 554A6F472A18B79E0041BA63 /* Products */;
			projectDirPath = "";
			projectRoot = "";
			targets = (
				554A6F452A18B79E0041BA63 /* PhotoApp */,
				554A6F5B2A18B79F0041BA63 /* PhotoAppTests */,
				554A6F652A18B79F0041BA63 /* PhotoAppUITests */,
			);
		};
/* End PBXProject section */

/* Begin PBXResourcesBuildPhase section */
		554A6F442A18B79E0041BA63 /* Resources */ = {
			isa = PBXResourcesBuildPhase;
			buildActionMask = 2147483647;
			files = (
				554A6F562A18B79F0041BA63 /* LaunchScreen.storyboard in Resources */,
				554A6F532A18B79F0041BA63 /* Assets.xcassets in Resources */,
				554A6F512A18B79E0041BA63 /* Main.storyboard in Resources */,
			);
			runOnlyForDeploymentPostprocessing = 0;
		};
		554A6F5A2A18B79F0041BA63 /* Resources */ = {
			isa = PBXResourcesBuildPhase;
			buildActionMask = 2147483647;
			files = (
			);
			runOnlyForDeploymentPostprocessing = 0;
		};
		554A6F642A18B79F0041BA63 /* Resources */ = {
			isa = PBXResourcesBuildPhase;
			buildActionMask = 2147483647;
			files = (
			);
			runOnlyForDeploymentPostprocessing = 0;
		};
/* End PBXResourcesBuildPhase section */

/* Begin PBXSourcesBuildPhase section */
		554A6F422A18B79E0041BA63 /* Sources */ = {
			isa = PBXSourcesBuildPhase;
			buildActionMask = 2147483647;
			files = (
				557771382A1A3C12005F22E3 /* SignupPresenter.swift in Sources */,
				554A6F862A18FDE70041BA63 /* SignupWebservice.swift in Sources */,
				554A6F4E2A18B79E0041BA63 /* ViewController.swift in Sources */,
				554A6F4A2A18B79E0041BA63 /* AppDelegate.swift in Sources */,
				554A6F7C2A18B9C40041BA63 /* SignupFormModelValidator.swift in Sources */,
				554A6F8C2A1900550041BA63 /* SignupError.swift in Sources */,
				557771352A1A3B2D005F22E3 /* SignupFormModel.swift in Sources */,
				554A6F8A2A1900380041BA63 /* SignupResponse.swift in Sources */,
				5577713C2A1B7F9F005F22E3 /* SignupFormModelValidatorProtocol.swift in Sources */,
				554A6F882A18FEAE0041BA63 /* SignupFormRequestModel.swift in Sources */,
				554A6F822A18D57D0041BA63 /* SignupConstants.swift in Sources */,
				554A6F4C2A18B79E0041BA63 /* SceneDelegate.swift in Sources */,
			);
			runOnlyForDeploymentPostprocessing = 0;
		};
		554A6F582A18B79F0041BA63 /* Sources */ = {
			isa = PBXSourcesBuildPhase;
			buildActionMask = 2147483647;
			files = (
				5577713A2A1B7EE3005F22E3 /* MockSignupFormModelValidator.swift in Sources */,
				554A6F962A191C630041BA63 /* MockURLProtocol.swift in Sources */,
				554A6F842A18FD0C0041BA63 /* SignupWebserviceTests.swift in Sources */,
				557771332A1A37D1005F22E3 /* SignupPresenterTests.swift in Sources */,
				554A6F7A2A18B85A0041BA63 /* SignupFormModelValidatorTests.swift in Sources */,
			);
			runOnlyForDeploymentPostprocessing = 0;
		};
		554A6F622A18B79F0041BA63 /* Sources */ = {
			isa = PBXSourcesBuildPhase;
			buildActionMask = 2147483647;
			files = (
				554A6F802A18C2F20041BA63 /* PhotoAppUITestsLaunchTests.swift in Sources */,
				554A6F7F2A18C2F20041BA63 /* PhotoAppUITests.swift in Sources */,
			);
			runOnlyForDeploymentPostprocessing = 0;
		};
/* End PBXSourcesBuildPhase section */

/* Begin PBXTargetDependency section */
		554A6F5E2A18B79F0041BA63 /* PBXTargetDependency */ = {
			isa = PBXTargetDependency;
			target = 554A6F452A18B79E0041BA63 /* PhotoApp */;
			targetProxy = 554A6F5D2A18B79F0041BA63 /* PBXContainerItemProxy */;
		};
		554A6F682A18B79F0041BA63 /* PBXTargetDependency */ = {
			isa = PBXTargetDependency;
			target = 554A6F452A18B79E0041BA63 /* PhotoApp */;
			targetProxy = 554A6F672A18B79F0041BA63 /* PBXContainerItemProxy */;
		};
/* End PBXTargetDependency section */

/* Begin PBXVariantGroup section */
		554A6F4F2A18B79E0041BA63 /* Main.storyboard */ = {
			isa = PBXVariantGroup;
			children = (
				554A6F502A18B79E0041BA63 /* Base */,
			);
			name = Main.storyboard;
			sourceTree = "<group>";
		};
		554A6F542A18B79F0041BA63 /* LaunchScreen.storyboard */ = {
			isa = PBXVariantGroup;
			children = (
				554A6F552A18B79F0041BA63 /* Base */,
			);
			name = LaunchScreen.storyboard;
			sourceTree = "<group>";
		};
/* End PBXVariantGroup section */

/* Begin XCBuildConfiguration section */
		554A6F6E2A18B79F0041BA63 /* Debug */ = {
			isa = XCBuildConfiguration;
			buildSettings = {
				ALWAYS_SEARCH_USER_PATHS = NO;
				CLANG_ANALYZER_NONNULL = YES;
				CLANG_ANALYZER_NUMBER_OBJECT_CONVERSION = YES_AGGRESSIVE;
				CLANG_CXX_LANGUAGE_STANDARD = "gnu++20";
				CLANG_ENABLE_MODULES = YES;
				CLANG_ENABLE_OBJC_ARC = YES;
				CLANG_ENABLE_OBJC_WEAK = YES;
				CLANG_WARN_BLOCK_CAPTURE_AUTORELEASING = YES;
				CLANG_WARN_BOOL_CONVERSION = YES;
				CLANG_WARN_COMMA = YES;
				CLANG_WARN_CONSTANT_CONVERSION = YES;
				CLANG_WARN_DEPRECATED_OBJC_IMPLEMENTATIONS = YES;
				CLANG_WARN_DIRECT_OBJC_ISA_USAGE = YES_ERROR;
				CLANG_WARN_DOCUMENTATION_COMMENTS = YES;
				CLANG_WARN_EMPTY_BODY = YES;
				CLANG_WARN_ENUM_CONVERSION = YES;
				CLANG_WARN_INFINITE_RECURSION = YES;
				CLANG_WARN_INT_CONVERSION = YES;
				CLANG_WARN_NON_LITERAL_NULL_CONVERSION = YES;
				CLANG_WARN_OBJC_IMPLICIT_RETAIN_SELF = YES;
				CLANG_WARN_OBJC_LITERAL_CONVERSION = YES;
				CLANG_WARN_OBJC_ROOT_CLASS = YES_ERROR;
				CLANG_WARN_QUOTED_INCLUDE_IN_FRAMEWORK_HEADER = YES;
				CLANG_WARN_RANGE_LOOP_ANALYSIS = YES;
				CLANG_WARN_STRICT_PROTOTYPES = YES;
				CLANG_WARN_SUSPICIOUS_MOVE = YES;
				CLANG_WARN_UNGUARDED_AVAILABILITY = YES_AGGRESSIVE;
				CLANG_WARN_UNREACHABLE_CODE = YES;
				CLANG_WARN__DUPLICATE_METHOD_MATCH = YES;
				COPY_PHASE_STRIP = NO;
				DEBUG_INFORMATION_FORMAT = dwarf;
				ENABLE_STRICT_OBJC_MSGSEND = YES;
				ENABLE_TESTABILITY = YES;
				GCC_C_LANGUAGE_STANDARD = gnu11;
				GCC_DYNAMIC_NO_PIC = NO;
				GCC_NO_COMMON_BLOCKS = YES;
				GCC_OPTIMIZATION_LEVEL = 0;
				GCC_PREPROCESSOR_DEFINITIONS = (
					"DEBUG=1",
					"$(inherited)",
				);
				GCC_WARN_64_TO_32_BIT_CONVERSION = YES;
				GCC_WARN_ABOUT_RETURN_TYPE = YES_ERROR;
				GCC_WARN_UNDECLARED_SELECTOR = YES;
				GCC_WARN_UNINITIALIZED_AUTOS = YES_AGGRESSIVE;
				GCC_WARN_UNUSED_FUNCTION = YES;
				GCC_WARN_UNUSED_VARIABLE = YES;
				IPHONEOS_DEPLOYMENT_TARGET = 16.2;
				MTL_ENABLE_DEBUG_INFO = INCLUDE_SOURCE;
				MTL_FAST_MATH = YES;
				ONLY_ACTIVE_ARCH = YES;
				SDKROOT = iphoneos;
				SWIFT_ACTIVE_COMPILATION_CONDITIONS = DEBUG;
				SWIFT_OPTIMIZATION_LEVEL = "-Onone";
			};
			name = Debug;
		};
		554A6F6F2A18B79F0041BA63 /* Release */ = {
			isa = XCBuildConfiguration;
			buildSettings = {
				ALWAYS_SEARCH_USER_PATHS = NO;
				CLANG_ANALYZER_NONNULL = YES;
				CLANG_ANALYZER_NUMBER_OBJECT_CONVERSION = YES_AGGRESSIVE;
				CLANG_CXX_LANGUAGE_STANDARD = "gnu++20";
				CLANG_ENABLE_MODULES = YES;
				CLANG_ENABLE_OBJC_ARC = YES;
				CLANG_ENABLE_OBJC_WEAK = YES;
				CLANG_WARN_BLOCK_CAPTURE_AUTORELEASING = YES;
				CLANG_WARN_BOOL_CONVERSION = YES;
				CLANG_WARN_COMMA = YES;
				CLANG_WARN_CONSTANT_CONVERSION = YES;
				CLANG_WARN_DEPRECATED_OBJC_IMPLEMENTATIONS = YES;
				CLANG_WARN_DIRECT_OBJC_ISA_USAGE = YES_ERROR;
				CLANG_WARN_DOCUMENTATION_COMMENTS = YES;
				CLANG_WARN_EMPTY_BODY = YES;
				CLANG_WARN_ENUM_CONVERSION = YES;
				CLANG_WARN_INFINITE_RECURSION = YES;
				CLANG_WARN_INT_CONVERSION = YES;
				CLANG_WARN_NON_LITERAL_NULL_CONVERSION = YES;
				CLANG_WARN_OBJC_IMPLICIT_RETAIN_SELF = YES;
				CLANG_WARN_OBJC_LITERAL_CONVERSION = YES;
				CLANG_WARN_OBJC_ROOT_CLASS = YES_ERROR;
				CLANG_WARN_QUOTED_INCLUDE_IN_FRAMEWORK_HEADER = YES;
				CLANG_WARN_RANGE_LOOP_ANALYSIS = YES;
				CLANG_WARN_STRICT_PROTOTYPES = YES;
				CLANG_WARN_SUSPICIOUS_MOVE = YES;
				CLANG_WARN_UNGUARDED_AVAILABILITY = YES_AGGRESSIVE;
				CLANG_WARN_UNREACHABLE_CODE = YES;
				CLANG_WARN__DUPLICATE_METHOD_MATCH = YES;
				COPY_PHASE_STRIP = NO;
				DEBUG_INFORMATION_FORMAT = "dwarf-with-dsym";
				ENABLE_NS_ASSERTIONS = NO;
				ENABLE_STRICT_OBJC_MSGSEND = YES;
				GCC_C_LANGUAGE_STANDARD = gnu11;
				GCC_NO_COMMON_BLOCKS = YES;
				GCC_WARN_64_TO_32_BIT_CONVERSION = YES;
				GCC_WARN_ABOUT_RETURN_TYPE = YES_ERROR;
				GCC_WARN_UNDECLARED_SELECTOR = YES;
				GCC_WARN_UNINITIALIZED_AUTOS = YES_AGGRESSIVE;
				GCC_WARN_UNUSED_FUNCTION = YES;
				GCC_WARN_UNUSED_VARIABLE = YES;
				IPHONEOS_DEPLOYMENT_TARGET = 16.2;
				MTL_ENABLE_DEBUG_INFO = NO;
				MTL_FAST_MATH = YES;
				SDKROOT = iphoneos;
				SWIFT_COMPILATION_MODE = wholemodule;
				SWIFT_OPTIMIZATION_LEVEL = "-O";
				VALIDATE_PRODUCT = YES;
			};
			name = Release;
		};
		554A6F712A18B79F0041BA63 /* Debug */ = {
			isa = XCBuildConfiguration;
			buildSettings = {
				ASSETCATALOG_COMPILER_APPICON_NAME = AppIcon;
				ASSETCATALOG_COMPILER_GLOBAL_ACCENT_COLOR_NAME = AccentColor;
				CODE_SIGN_STYLE = Manual;
				CURRENT_PROJECT_VERSION = 1;
				DEVELOPMENT_TEAM = "";
				GENERATE_INFOPLIST_FILE = YES;
				INFOPLIST_FILE = PhotoApp/Info.plist;
				INFOPLIST_KEY_UIApplicationSupportsIndirectInputEvents = YES;
				INFOPLIST_KEY_UILaunchStoryboardName = LaunchScreen;
				INFOPLIST_KEY_UIMainStoryboardFile = Main;
				INFOPLIST_KEY_UISupportedInterfaceOrientations_iPad = "UIInterfaceOrientationPortrait UIInterfaceOrientationPortraitUpsideDown UIInterfaceOrientationLandscapeLeft UIInterfaceOrientationLandscapeRight";
				INFOPLIST_KEY_UISupportedInterfaceOrientations_iPhone = "UIInterfaceOrientationPortrait UIInterfaceOrientationLandscapeLeft UIInterfaceOrientationLandscapeRight";
				LD_RUNPATH_SEARCH_PATHS = (
					"$(inherited)",
					"@executable_path/Frameworks",
				);
				MARKETING_VERSION = 1.0;
				PRODUCT_BUNDLE_IDENTIFIER = com.iniongungroup.PhotoApp;
				PRODUCT_NAME = "$(TARGET_NAME)";
				PROVISIONING_PROFILE_SPECIFIER = "";
				SWIFT_EMIT_LOC_STRINGS = YES;
				SWIFT_VERSION = 5.0;
				TARGETED_DEVICE_FAMILY = "1,2";
			};
			name = Debug;
		};
		554A6F722A18B79F0041BA63 /* Release */ = {
			isa = XCBuildConfiguration;
			buildSettings = {
				ASSETCATALOG_COMPILER_APPICON_NAME = AppIcon;
				ASSETCATALOG_COMPILER_GLOBAL_ACCENT_COLOR_NAME = AccentColor;
				CODE_SIGN_STYLE = Manual;
				CURRENT_PROJECT_VERSION = 1;
				DEVELOPMENT_TEAM = "";
				GENERATE_INFOPLIST_FILE = YES;
				INFOPLIST_FILE = PhotoApp/Info.plist;
				INFOPLIST_KEY_UIApplicationSupportsIndirectInputEvents = YES;
				INFOPLIST_KEY_UILaunchStoryboardName = LaunchScreen;
				INFOPLIST_KEY_UIMainStoryboardFile = Main;
				INFOPLIST_KEY_UISupportedInterfaceOrientations_iPad = "UIInterfaceOrientationPortrait UIInterfaceOrientationPortraitUpsideDown UIInterfaceOrientationLandscapeLeft UIInterfaceOrientationLandscapeRight";
				INFOPLIST_KEY_UISupportedInterfaceOrientations_iPhone = "UIInterfaceOrientationPortrait UIInterfaceOrientationLandscapeLeft UIInterfaceOrientationLandscapeRight";
				LD_RUNPATH_SEARCH_PATHS = (
					"$(inherited)",
					"@executable_path/Frameworks",
				);
				MARKETING_VERSION = 1.0;
				PRODUCT_BUNDLE_IDENTIFIER = com.iniongungroup.PhotoApp;
				PRODUCT_NAME = "$(TARGET_NAME)";
				PROVISIONING_PROFILE_SPECIFIER = "";
				SWIFT_EMIT_LOC_STRINGS = YES;
				SWIFT_VERSION = 5.0;
				TARGETED_DEVICE_FAMILY = "1,2";
			};
			name = Release;
		};
		554A6F742A18B79F0041BA63 /* Debug */ = {
			isa = XCBuildConfiguration;
			buildSettings = {
				ALWAYS_EMBED_SWIFT_STANDARD_LIBRARIES = YES;
				BUNDLE_LOADER = "$(TEST_HOST)";
				CLANG_ENABLE_MODULES = YES;
				CODE_SIGN_STYLE = Manual;
				CURRENT_PROJECT_VERSION = 1;
				DEVELOPMENT_TEAM = "";
				GENERATE_INFOPLIST_FILE = YES;
				IPHONEOS_DEPLOYMENT_TARGET = 16.2;
				LD_RUNPATH_SEARCH_PATHS = (
					"$(inherited)",
					"@executable_path/Frameworks",
					"@loader_path/Frameworks",
				);
				MARKETING_VERSION = 1.0;
				PRODUCT_BUNDLE_IDENTIFIER = com.iniongungroup.PhotoAppTests;
				PRODUCT_NAME = "$(TARGET_NAME)";
				PROVISIONING_PROFILE_SPECIFIER = "";
				SWIFT_EMIT_LOC_STRINGS = NO;
				SWIFT_OPTIMIZATION_LEVEL = "-Onone";
				SWIFT_VERSION = 5.0;
				TARGETED_DEVICE_FAMILY = "1,2";
				TEST_HOST = "$(BUILT_PRODUCTS_DIR)/PhotoApp.app/$(BUNDLE_EXECUTABLE_FOLDER_PATH)/PhotoApp";
			};
			name = Debug;
		};
		554A6F752A18B79F0041BA63 /* Release */ = {
			isa = XCBuildConfiguration;
			buildSettings = {
				ALWAYS_EMBED_SWIFT_STANDARD_LIBRARIES = YES;
				BUNDLE_LOADER = "$(TEST_HOST)";
				CLANG_ENABLE_MODULES = YES;
				CODE_SIGN_STYLE = Manual;
				CURRENT_PROJECT_VERSION = 1;
				DEVELOPMENT_TEAM = "";
				GENERATE_INFOPLIST_FILE = YES;
				IPHONEOS_DEPLOYMENT_TARGET = 16.2;
				LD_RUNPATH_SEARCH_PATHS = (
					"$(inherited)",
					"@executable_path/Frameworks",
					"@loader_path/Frameworks",
				);
				MARKETING_VERSION = 1.0;
				PRODUCT_BUNDLE_IDENTIFIER = com.iniongungroup.PhotoAppTests;
				PRODUCT_NAME = "$(TARGET_NAME)";
				PROVISIONING_PROFILE_SPECIFIER = "";
				SWIFT_EMIT_LOC_STRINGS = NO;
				SWIFT_VERSION = 5.0;
				TARGETED_DEVICE_FAMILY = "1,2";
				TEST_HOST = "$(BUILT_PRODUCTS_DIR)/PhotoApp.app/$(BUNDLE_EXECUTABLE_FOLDER_PATH)/PhotoApp";
			};
			name = Release;
		};
		554A6F772A18B79F0041BA63 /* Debug */ = {
			isa = XCBuildConfiguration;
			buildSettings = {
				ALWAYS_EMBED_SWIFT_STANDARD_LIBRARIES = YES;
				CLANG_ENABLE_MODULES = YES;
				CODE_SIGN_STYLE = Manual;
				CURRENT_PROJECT_VERSION = 1;
				DEVELOPMENT_TEAM = "";
				GENERATE_INFOPLIST_FILE = YES;
				LD_RUNPATH_SEARCH_PATHS = (
					"$(inherited)",
					"@executable_path/Frameworks",
					"@loader_path/Frameworks",
				);
				MARKETING_VERSION = 1.0;
				PRODUCT_BUNDLE_IDENTIFIER = com.iniongungroup.PhotoAppUITests;
				PRODUCT_NAME = "$(TARGET_NAME)";
				PROVISIONING_PROFILE_SPECIFIER = "";
				SWIFT_EMIT_LOC_STRINGS = NO;
				SWIFT_OPTIMIZATION_LEVEL = "-Onone";
				SWIFT_VERSION = 5.0;
				TARGETED_DEVICE_FAMILY = "1,2";
				TEST_TARGET_NAME = PhotoApp;
			};
			name = Debug;
		};
		554A6F782A18B79F0041BA63 /* Release */ = {
			isa = XCBuildConfiguration;
			buildSettings = {
				ALWAYS_EMBED_SWIFT_STANDARD_LIBRARIES = YES;
				CLANG_ENABLE_MODULES = YES;
				CODE_SIGN_STYLE = Manual;
				CURRENT_PROJECT_VERSION = 1;
				DEVELOPMENT_TEAM = "";
				GENERATE_INFOPLIST_FILE = YES;
				LD_RUNPATH_SEARCH_PATHS = (
					"$(inherited)",
					"@executable_path/Frameworks",
					"@loader_path/Frameworks",
				);
				MARKETING_VERSION = 1.0;
				PRODUCT_BUNDLE_IDENTIFIER = com.iniongungroup.PhotoAppUITests;
				PRODUCT_NAME = "$(TARGET_NAME)";
				PROVISIONING_PROFILE_SPECIFIER = "";
				SWIFT_EMIT_LOC_STRINGS = NO;
				SWIFT_VERSION = 5.0;
				TARGETED_DEVICE_FAMILY = "1,2";
				TEST_TARGET_NAME = PhotoApp;
			};
			name = Release;
		};
/* End XCBuildConfiguration section */

/* Begin XCConfigurationList section */
		554A6F412A18B79E0041BA63 /* Build configuration list for PBXProject "PhotoApp" */ = {
			isa = XCConfigurationList;
			buildConfigurations = (
				554A6F6E2A18B79F0041BA63 /* Debug */,
				554A6F6F2A18B79F0041BA63 /* Release */,
			);
			defaultConfigurationIsVisible = 0;
			defaultConfigurationName = Release;
		};
		554A6F702A18B79F0041BA63 /* Build configuration list for PBXNativeTarget "PhotoApp" */ = {
			isa = XCConfigurationList;
			buildConfigurations = (
				554A6F712A18B79F0041BA63 /* Debug */,
				554A6F722A18B79F0041BA63 /* Release */,
			);
			defaultConfigurationIsVisible = 0;
			defaultConfigurationName = Release;
		};
		554A6F732A18B79F0041BA63 /* Build configuration list for PBXNativeTarget "PhotoAppTests" */ = {
			isa = XCConfigurationList;
			buildConfigurations = (
				554A6F742A18B79F0041BA63 /* Debug */,
				554A6F752A18B79F0041BA63 /* Release */,
			);
			defaultConfigurationIsVisible = 0;
			defaultConfigurationName = Release;
		};
		554A6F762A18B79F0041BA63 /* Build configuration list for PBXNativeTarget "PhotoAppUITests" */ = {
			isa = XCConfigurationList;
			buildConfigurations = (
				554A6F772A18B79F0041BA63 /* Debug */,
				554A6F782A18B79F0041BA63 /* Release */,
			);
			defaultConfigurationIsVisible = 0;
			defaultConfigurationName = Release;
		};
/* End XCConfigurationList section */
	};
	rootObject = 554A6F3E2A18B79E0041BA63 /* Project object */;
}
